// !$*UTF8*$!
{
	archiveVersion = 1;
	classes = {
	};
	objectVersion = 56;
	objects = {

/* Begin PBXBuildFile section */
		333EEEA82CF0360900947A4B /* game_cardApp.swift in Sources */ = {isa = PBXBuildFile; fileRef = 333EEEA72CF0360900947A4B /* game_cardApp.swift */; };
		333EEEAA2CF0360900947A4B /* ContentView.swift in Sources */ = {isa = PBXBuildFile; fileRef = 333EEEA92CF0360900947A4B /* ContentView.swift */; };
		333EEEAC2CF0360900947A4B /* Item.swift in Sources */ = {isa = PBXBuildFile; fileRef = 333EEEAB2CF0360900947A4B /* Item.swift */; };
		333EEEAE2CF0360C00947A4B /* Assets.xcassets in Resources */ = {isa = PBXBuildFile; fileRef = 333EEEAD2CF0360C00947A4B /* Assets.xcassets */; };
		333EEEB12CF0360C00947A4B /* Preview Assets.xcassets in Resources */ = {isa = PBXBuildFile; fileRef = 333EEEB02CF0360C00947A4B /* Preview Assets.xcassets */; };
		333EEEBB2CF0360D00947A4B /* game_cardTests.swift in Sources */ = {isa = PBXBuildFile; fileRef = 333EEEBA2CF0360D00947A4B /* game_cardTests.swift */; };
		333EEEC52CF0360D00947A4B /* game_cardUITests.swift in Sources */ = {isa = PBXBuildFile; fileRef = 333EEEC42CF0360D00947A4B /* game_cardUITests.swift */; };
		333EEEC72CF0360D00947A4B /* game_cardUITestsLaunchTests.swift in Sources */ = {isa = PBXBuildFile; fileRef = 333EEEC62CF0360D00947A4B /* game_cardUITestsLaunchTests.swift */; };
/* End PBXBuildFile section */

/* Begin PBXContainerItemProxy section */
		333EEEB72CF0360D00947A4B /* PBXContainerItemProxy */ = {
			isa = PBXContainerItemProxy;
			containerPortal = 333EEE9C2CF0360800947A4B /* Project object */;
			proxyType = 1;
			remoteGlobalIDString = 333EEEA32CF0360900947A4B;
			remoteInfo = "game card";
		};
		333EEEC12CF0360D00947A4B /* PBXContainerItemProxy */ = {
			isa = PBXContainerItemProxy;
			containerPortal = 333EEE9C2CF0360800947A4B /* Project object */;
			proxyType = 1;
			remoteGlobalIDString = 333EEEA32CF0360900947A4B;
			remoteInfo = "game card";
		};
/* End PBXContainerItemProxy section */

/* Begin PBXFileReference section */
		333EEEA42CF0360900947A4B /* game card.app */ = {isa = PBXFileReference; explicitFileType = wrapper.application; includeInIndex = 0; path = "game card.app"; sourceTree = BUILT_PRODUCTS_DIR; };
		333EEEA72CF0360900947A4B /* game_cardApp.swift */ = {isa = PBXFileReference; lastKnownFileType = sourcecode.swift; path = game_cardApp.swift; sourceTree = "<group>"; };
		333EEEA92CF0360900947A4B /* ContentView.swift */ = {isa = PBXFileReference; lastKnownFileType = sourcecode.swift; path = ContentView.swift; sourceTree = "<group>"; };
		333EEEAB2CF0360900947A4B /* Item.swift */ = {isa = PBXFileReference; lastKnownFileType = sourcecode.swift; path = Item.swift; sourceTree = "<group>"; };
		333EEEAD2CF0360C00947A4B /* Assets.xcassets */ = {isa = PBXFileReference; lastKnownFileType = folder.assetcatalog; path = Assets.xcassets; sourceTree = "<group>"; };
		333EEEB02CF0360C00947A4B /* Preview Assets.xcassets */ = {isa = PBXFileReference; lastKnownFileType = folder.assetcatalog; path = "Preview Assets.xcassets"; sourceTree = "<group>"; };
		333EEEB62CF0360D00947A4B /* game cardTests.xctest */ = {isa = PBXFileReference; explicitFileType = wrapper.cfbundle; includeInIndex = 0; path = "game cardTests.xctest"; sourceTree = BUILT_PRODUCTS_DIR; };
		333EEEBA2CF0360D00947A4B /* game_cardTests.swift */ = {isa = PBXFileReference; lastKnownFileType = sourcecode.swift; path = game_cardTests.swift; sourceTree = "<group>"; };
		333EEEC02CF0360D00947A4B /* game cardUITests.xctest */ = {isa = PBXFileReference; explicitFileType = wrapper.cfbundle; includeInIndex = 0; path = "game cardUITests.xctest"; sourceTree = BUILT_PRODUCTS_DIR; };
		333EEEC42CF0360D00947A4B /* game_cardUITests.swift */ = {isa = PBXFileReference; lastKnownFileType = sourcecode.swift; path = game_cardUITests.swift; sourceTree = "<group>"; };
		333EEEC62CF0360D00947A4B /* game_cardUITestsLaunchTests.swift */ = {isa = PBXFileReference; lastKnownFileType = sourcecode.swift; path = game_cardUITestsLaunchTests.swift; sourceTree = "<group>"; };
/* End PBXFileReference section */

/* Begin PBXFrameworksBuildPhase section */
		333EEEA12CF0360900947A4B /* Frameworks */ = {
			isa = PBXFrameworksBuildPhase;
			buildActionMask = 2147483647;
			files = (
			);
			runOnlyForDeploymentPostprocessing = 0;
		};
		333EEEB32CF0360D00947A4B /* Frameworks */ = {
			isa = PBXFrameworksBuildPhase;
			buildActionMask = 2147483647;
			files = (
			);
			runOnlyForDeploymentPostprocessing = 0;
		};
		333EEEBD2CF0360D00947A4B /* Frameworks */ = {
			isa = PBXFrameworksBuildPhase;
			buildActionMask = 2147483647;
			files = (
			);
			runOnlyForDeploymentPostprocessing = 0;
		};
/* End PBXFrameworksBuildPhase section */

/* Begin PBXGroup section */
		333EEE9B2CF0360800947A4B = {
			isa = PBXGroup;
			children = (
				333EEEA62CF0360900947A4B /* game card */,
				333EEEB92CF0360D00947A4B /* game cardTests */,
				333EEEC32CF0360D00947A4B /* game cardUITests */,
				333EEEA52CF0360900947A4B /* Products */,
			);
			sourceTree = "<group>";
		};
		333EEEA52CF0360900947A4B /* Products */ = {
			isa = PBXGroup;
			children = (
				333EEEA42CF0360900947A4B /* game card.app */,
				333EEEB62CF0360D00947A4B /* game cardTests.xctest */,
				333EEEC02CF0360D00947A4B /* game cardUITests.xctest */,
			);
			name = Products;
			sourceTree = "<group>";
		};
		333EEEA62CF0360900947A4B /* game card */ = {
			isa = PBXGroup;
			children = (
				333EEEA72CF0360900947A4B /* game_cardApp.swift */,
				333EEEA92CF0360900947A4B /* ContentView.swift */,
				333EEEAB2CF0360900947A4B /* Item.swift */,
				333EEEAD2CF0360C00947A4B /* Assets.xcassets */,
				333EEEAF2CF0360C00947A4B /* Preview Content */,
			);
			path = "game card";
			sourceTree = "<group>";
		};
		333EEEAF2CF0360C00947A4B /* Preview Content */ = {
			isa = PBXGroup;
			children = (
				333EEEB02CF0360C00947A4B /* Preview Assets.xcassets */,
			);
			path = "Preview Content";
			sourceTree = "<group>";
		};
		333EEEB92CF0360D00947A4B /* game cardTests */ = {
			isa = PBXGroup;
			children = (
				333EEEBA2CF0360D00947A4B /* game_cardTests.swift */,
			);
			path = "game cardTests";
			sourceTree = "<group>";
		};
		333EEEC32CF0360D00947A4B /* game cardUITests */ = {
			isa = PBXGroup;
			children = (
				333EEEC42CF0360D00947A4B /* game_cardUITests.swift */,
				333EEEC62CF0360D00947A4B /* game_cardUITestsLaunchTests.swift */,
			);
			path = "game cardUITests";
			sourceTree = "<group>";
		};
/* End PBXGroup section */

/* Begin PBXNativeTarget section */
		333EEEA32CF0360900947A4B /* game card */ = {
			isa = PBXNativeTarget;
			buildConfigurationList = 333EEECA2CF0360D00947A4B /* Build configuration list for PBXNativeTarget "game card" */;
			buildPhases = (
				333EEEA02CF0360900947A4B /* Sources */,
				333EEEA12CF0360900947A4B /* Frameworks */,
				333EEEA22CF0360900947A4B /* Resources */,
			);
			buildRules = (
			);
			dependencies = (
			);
			name = "game card";
			productName = "game card";
			productReference = 333EEEA42CF0360900947A4B /* game card.app */;
			productType = "com.apple.product-type.application";
		};
		333EEEB52CF0360D00947A4B /* game cardTests */ = {
			isa = PBXNativeTarget;
			buildConfigurationList = 333EEECD2CF0360D00947A4B /* Build configuration list for PBXNativeTarget "game cardTests" */;
			buildPhases = (
				333EEEB22CF0360D00947A4B /* Sources */,
				333EEEB32CF0360D00947A4B /* Frameworks */,
				333EEEB42CF0360D00947A4B /* Resources */,
			);
			buildRules = (
			);
			dependencies = (
				333EEEB82CF0360D00947A4B /* PBXTargetDependency */,
			);
			name = "game cardTests";
			productName = "game cardTests";
			productReference = 333EEEB62CF0360D00947A4B /* game cardTests.xctest */;
			productType = "com.apple.product-type.bundle.unit-test";
		};
		333EEEBF2CF0360D00947A4B /* game cardUITests */ = {
			isa = PBXNativeTarget;
			buildConfigurationList = 333EEED02CF0360D00947A4B /* Build configuration list for PBXNativeTarget "game cardUITests" */;
			buildPhases = (
				333EEEBC2CF0360D00947A4B /* Sources */,
				333EEEBD2CF0360D00947A4B /* Frameworks */,
				333EEEBE2CF0360D00947A4B /* Resources */,
			);
			buildRules = (
			);
			dependencies = (
				333EEEC22CF0360D00947A4B /* PBXTargetDependency */,
			);
			name = "game cardUITests";
			productName = "game cardUITests";
			productReference = 333EEEC02CF0360D00947A4B /* game cardUITests.xctest */;
			productType = "com.apple.product-type.bundle.ui-testing";
		};
/* End PBXNativeTarget section */

/* Begin PBXProject section */
		333EEE9C2CF0360800947A4B /* Project object */ = {
			isa = PBXProject;
			attributes = {
				BuildIndependentTargetsInParallel = 1;
				LastSwiftUpdateCheck = 1520;
				LastUpgradeCheck = 1520;
				TargetAttributes = {
					333EEEA32CF0360900947A4B = {
						CreatedOnToolsVersion = 15.2;
					};
					333EEEB52CF0360D00947A4B = {
						CreatedOnToolsVersion = 15.2;
						TestTargetID = 333EEEA32CF0360900947A4B;
					};
					333EEEBF2CF0360D00947A4B = {
						CreatedOnToolsVersion = 15.2;
						TestTargetID = 333EEEA32CF0360900947A4B;
					};
				};
			};
			buildConfigurationList = 333EEE9F2CF0360800947A4B /* Build configuration list for PBXProject "game card" */;
			compatibilityVersion = "Xcode 14.0";
			developmentRegion = en;
			hasScannedForEncodings = 0;
			knownRegions = (
				en,
				Base,
			);
			mainGroup = 333EEE9B2CF0360800947A4B;
			productRefGroup = 333EEEA52CF0360900947A4B /* Products */;
			projectDirPath = "";
			projectRoot = "";
			targets = (
				333EEEA32CF0360900947A4B /* game card */,
				333EEEB52CF0360D00947A4B /* game cardTests */,
				333EEEBF2CF0360D00947A4B /* game cardUITests */,
			);
		};
/* End PBXProject section */

/* Begin PBXResourcesBuildPhase section */
		333EEEA22CF0360900947A4B /* Resources */ = {
			isa = PBXResourcesBuildPhase;
			buildActionMask = 2147483647;
			files = (
				333EEEB12CF0360C00947A4B /* Preview Assets.xcassets in Resources */,
				333EEEAE2CF0360C00947A4B /* Assets.xcassets in Resources */,
			);
			runOnlyForDeploymentPostprocessing = 0;
		};
		333EEEB42CF0360D00947A4B /* Resources */ = {
			isa = PBXResourcesBuildPhase;
			buildActionMask = 2147483647;
			files = (
			);
			runOnlyForDeploymentPostprocessing = 0;
		};
		333EEEBE2CF0360D00947A4B /* Resources */ = {
			isa = PBXResourcesBuildPhase;
			buildActionMask = 2147483647;
			files = (
			);
			runOnlyForDeploymentPostprocessing = 0;
		};
/* End PBXResourcesBuildPhase section */

/* Begin PBXSourcesBuildPhase section */
		333EEEA02CF0360900947A4B /* Sources */ = {
			isa = PBXSourcesBuildPhase;
			buildActionMask = 2147483647;
			files = (
				333EEEAA2CF0360900947A4B /* ContentView.swift in Sources */,
				333EEEAC2CF0360900947A4B /* Item.swift in Sources */,
				333EEEA82CF0360900947A4B /* game_cardApp.swift in Sources */,
			);
			runOnlyForDeploymentPostprocessing = 0;
		};
		333EEEB22CF0360D00947A4B /* Sources */ = {
			isa = PBXSourcesBuildPhase;
			buildActionMask = 2147483647;
			files = (
				333EEEBB2CF0360D00947A4B /* game_cardTests.swift in Sources */,
			);
			runOnlyForDeploymentPostprocessing = 0;
		};
		333EEEBC2CF0360D00947A4B /* Sources */ = {
			isa = PBXSourcesBuildPhase;
			buildActionMask = 2147483647;
			files = (
				333EEEC72CF0360D00947A4B /* game_cardUITestsLaunchTests.swift in Sources */,
				333EEEC52CF0360D00947A4B /* game_cardUITests.swift in Sources */,
			);
			runOnlyForDeploymentPostprocessing = 0;
		};
/* End PBXSourcesBuildPhase section */

/* Begin PBXTargetDependency section */
		333EEEB82CF0360D00947A4B /* PBXTargetDependency */ = {
			isa = PBXTargetDependency;
			target = 333EEEA32CF0360900947A4B /* game card */;
			targetProxy = 333EEEB72CF0360D00947A4B /* PBXContainerItemProxy */;
		};
		333EEEC22CF0360D00947A4B /* PBXTargetDependency */ = {
			isa = PBXTargetDependency;
			target = 333EEEA32CF0360900947A4B /* game card */;
			targetProxy = 333EEEC12CF0360D00947A4B /* PBXContainerItemProxy */;
		};
/* End PBXTargetDependency section */

/* Begin XCBuildConfiguration section */
		333EEEC82CF0360D00947A4B /* Debug */ = {
			isa = XCBuildConfiguration;
			buildSettings = {
				ALWAYS_SEARCH_USER_PATHS = NO;
				ASSETCATALOG_COMPILER_GENERATE_SWIFT_ASSET_SYMBOL_EXTENSIONS = YES;
				CLANG_ANALYZER_NONNULL = YES;
				CLANG_ANALYZER_NUMBER_OBJECT_CONVERSION = YES_AGGRESSIVE;
				CLANG_CXX_LANGUAGE_STANDARD = "gnu++20";
				CLANG_ENABLE_MODULES = YES;
				CLANG_ENABLE_OBJC_ARC = YES;
				CLANG_ENABLE_OBJC_WEAK = YES;
				CLANG_WARN_BLOCK_CAPTURE_AUTORELEASING = YES;
				CLANG_WARN_BOOL_CONVERSION = YES;
				CLANG_WARN_COMMA = YES;
				CLANG_WARN_CONSTANT_CONVERSION = YES;
				CLANG_WARN_DEPRECATED_OBJC_IMPLEMENTATIONS = YES;
				CLANG_WARN_DIRECT_OBJC_ISA_USAGE = YES_ERROR;
				CLANG_WARN_DOCUMENTATION_COMMENTS = YES;
				CLANG_WARN_EMPTY_BODY = YES;
				CLANG_WARN_ENUM_CONVERSION = YES;
				CLANG_WARN_INFINITE_RECURSION = YES;
				CLANG_WARN_INT_CONVERSION = YES;
				CLANG_WARN_NON_LITERAL_NULL_CONVERSION = YES;
				CLANG_WARN_OBJC_IMPLICIT_RETAIN_SELF = YES;
				CLANG_WARN_OBJC_LITERAL_CONVERSION = YES;
				CLANG_WARN_OBJC_ROOT_CLASS = YES_ERROR;
				CLANG_WARN_QUOTED_INCLUDE_IN_FRAMEWORK_HEADER = YES;
				CLANG_WARN_RANGE_LOOP_ANALYSIS = YES;
				CLANG_WARN_STRICT_PROTOTYPES = YES;
				CLANG_WARN_SUSPICIOUS_MOVE = YES;
				CLANG_WARN_UNGUARDED_AVAILABILITY = YES_AGGRESSIVE;
				CLANG_WARN_UNREACHABLE_CODE = YES;
				CLANG_WARN__DUPLICATE_METHOD_MATCH = YES;
				COPY_PHASE_STRIP = NO;
				DEBUG_INFORMATION_FORMAT = dwarf;
				ENABLE_STRICT_OBJC_MSGSEND = YES;
				ENABLE_TESTABILITY = YES;
				ENABLE_USER_SCRIPT_SANDBOXING = YES;
				GCC_C_LANGUAGE_STANDARD = gnu17;
				GCC_DYNAMIC_NO_PIC = NO;
				GCC_NO_COMMON_BLOCKS = YES;
				GCC_OPTIMIZATION_LEVEL = 0;
				GCC_PREPROCESSOR_DEFINITIONS = (
					"DEBUG=1",
					"$(inherited)",
				);
				GCC_WARN_64_TO_32_BIT_CONVERSION = YES;
				GCC_WARN_ABOUT_RETURN_TYPE = YES_ERROR;
				GCC_WARN_UNDECLARED_SELECTOR = YES;
				GCC_WARN_UNINITIALIZED_AUTOS = YES_AGGRESSIVE;
				GCC_WARN_UNUSED_FUNCTION = YES;
				GCC_WARN_UNUSED_VARIABLE = YES;
				IPHONEOS_DEPLOYMENT_TARGET = 17.2;
				LOCALIZATION_PREFERS_STRING_CATALOGS = YES;
				MTL_ENABLE_DEBUG_INFO = INCLUDE_SOURCE;
				MTL_FAST_MATH = YES;
				ONLY_ACTIVE_ARCH = YES;
				SDKROOT = iphoneos;
				SWIFT_ACTIVE_COMPILATION_CONDITIONS = "DEBUG $(inherited)";
				SWIFT_OPTIMIZATION_LEVEL = "-Onone";
			};
			name = Debug;
		};
		333EEEC92CF0360D00947A4B /* Release */ = {
			isa = XCBuildConfiguration;
			buildSettings = {
				ALWAYS_SEARCH_USER_PATHS = NO;
				ASSETCATALOG_COMPILER_GENERATE_SWIFT_ASSET_SYMBOL_EXTENSIONS = YES;
				CLANG_ANALYZER_NONNULL = YES;
				CLANG_ANALYZER_NUMBER_OBJECT_CONVERSION = YES_AGGRESSIVE;
				CLANG_CXX_LANGUAGE_STANDARD = "gnu++20";
				CLANG_ENABLE_MODULES = YES;
				CLANG_ENABLE_OBJC_ARC = YES;
				CLANG_ENABLE_OBJC_WEAK = YES;
				CLANG_WARN_BLOCK_CAPTURE_AUTORELEASING = YES;
				CLANG_WARN_BOOL_CONVERSION = YES;
				CLANG_WARN_COMMA = YES;
				CLANG_WARN_CONSTANT_CONVERSION = YES;
				CLANG_WARN_DEPRECATED_OBJC_IMPLEMENTATIONS = YES;
				CLANG_WARN_DIRECT_OBJC_ISA_USAGE = YES_ERROR;
				CLANG_WARN_DOCUMENTATION_COMMENTS = YES;
				CLANG_WARN_EMPTY_BODY = YES;
				CLANG_WARN_ENUM_CONVERSION = YES;
				CLANG_WARN_INFINITE_RECURSION = YES;
				CLANG_WARN_INT_CONVERSION = YES;
				CLANG_WARN_NON_LITERAL_NULL_CONVERSION = YES;
				CLANG_WARN_OBJC_IMPLICIT_RETAIN_SELF = YES;
				CLANG_WARN_OBJC_LITERAL_CONVERSION = YES;
				CLANG_WARN_OBJC_ROOT_CLASS = YES_ERROR;
				CLANG_WARN_QUOTED_INCLUDE_IN_FRAMEWORK_HEADER = YES;
				CLANG_WARN_RANGE_LOOP_ANALYSIS = YES;
				CLANG_WARN_STRICT_PROTOTYPES = YES;
				CLANG_WARN_SUSPICIOUS_MOVE = YES;
				CLANG_WARN_UNGUARDED_AVAILABILITY = YES_AGGRESSIVE;
				CLANG_WARN_UNREACHABLE_CODE = YES;
				CLANG_WARN__DUPLICATE_METHOD_MATCH = YES;
				COPY_PHASE_STRIP = NO;
				DEBUG_INFORMATION_FORMAT = "dwarf-with-dsym";
				ENABLE_NS_ASSERTIONS = NO;
				ENABLE_STRICT_OBJC_MSGSEND = YES;
				ENABLE_USER_SCRIPT_SANDBOXING = YES;
				GCC_C_LANGUAGE_STANDARD = gnu17;
				GCC_NO_COMMON_BLOCKS = YES;
				GCC_WARN_64_TO_32_BIT_CONVERSION = YES;
				GCC_WARN_ABOUT_RETURN_TYPE = YES_ERROR;
				GCC_WARN_UNDECLARED_SELECTOR = YES;
				GCC_WARN_UNINITIALIZED_AUTOS = YES_AGGRESSIVE;
				GCC_WARN_UNUSED_FUNCTION = YES;
				GCC_WARN_UNUSED_VARIABLE = YES;
				IPHONEOS_DEPLOYMENT_TARGET = 17.2;
				LOCALIZATION_PREFERS_STRING_CATALOGS = YES;
				MTL_ENABLE_DEBUG_INFO = NO;
				MTL_FAST_MATH = YES;
				SDKROOT = iphoneos;
				SWIFT_COMPILATION_MODE = wholemodule;
				VALIDATE_PRODUCT = YES;
			};
			name = Release;
		};
		333EEECB2CF0360D00947A4B /* Debug */ = {
			isa = XCBuildConfiguration;
			buildSettings = {
				ASSETCATALOG_COMPILER_APPICON_NAME = AppIcon;
				ASSETCATALOG_COMPILER_GLOBAL_ACCENT_COLOR_NAME = AccentColor;
				CODE_SIGN_STYLE = Automatic;
				CURRENT_PROJECT_VERSION = 1;
				DEVELOPMENT_ASSET_PATHS = "\"game card/Preview Content\"";
				DEVELOPMENT_TEAM = 3264YJV76M;
				ENABLE_PREVIEWS = YES;
				GENERATE_INFOPLIST_FILE = YES;
				INFOPLIST_KEY_UIApplicationSceneManifest_Generation = YES;
				INFOPLIST_KEY_UIApplicationSupportsIndirectInputEvents = YES;
				INFOPLIST_KEY_UILaunchScreen_Generation = YES;
				INFOPLIST_KEY_UISupportedInterfaceOrientations_iPad = "UIInterfaceOrientationPortrait UIInterfaceOrientationPortraitUpsideDown UIInterfaceOrientationLandscapeLeft UIInterfaceOrientationLandscapeRight";
				INFOPLIST_KEY_UISupportedInterfaceOrientations_iPhone = "UIInterfaceOrientationPortrait UIInterfaceOrientationLandscapeLeft UIInterfaceOrientationLandscapeRight";
				LD_RUNPATH_SEARCH_PATHS = (
					"$(inherited)",
					"@executable_path/Frameworks",
				);
				MARKETING_VERSION = 1.0;
				PRODUCT_BUNDLE_IDENTIFIER = "-1.game-card";
				PRODUCT_NAME = "$(TARGET_NAME)";
				SWIFT_EMIT_LOC_STRINGS = YES;
				SWIFT_VERSION = 5.0;
				TARGETED_DEVICE_FAMILY = "1,2";
			};
			name = Debug;
		};
		333EEECC2CF0360D00947A4B /* Release */ = {
			isa = XCBuildConfiguration;
			buildSettings = {
				ASSETCATALOG_COMPILER_APPICON_NAME = AppIcon;
				ASSETCATALOG_COMPILER_GLOBAL_ACCENT_COLOR_NAME = AccentColor;
				CODE_SIGN_STYLE = Automatic;
				CURRENT_PROJECT_VERSION = 1;
				DEVELOPMENT_ASSET_PATHS = "\"game card/Preview Content\"";
				DEVELOPMENT_TEAM = 3264YJV76M;
				ENABLE_PREVIEWS = YES;
				GENERATE_INFOPLIST_FILE = YES;
				INFOPLIST_KEY_UIApplicationSceneManifest_Generation = YES;
				INFOPLIST_KEY_UIApplicationSupportsIndirectInputEvents = YES;
				INFOPLIST_KEY_UILaunchScreen_Generation = YES;
				INFOPLIST_KEY_UISupportedInterfaceOrientations_iPad = "UIInterfaceOrientationPortrait UIInterfaceOrientationPortraitUpsideDown UIInterfaceOrientationLandscapeLeft UIInterfaceOrientationLandscapeRight";
				INFOPLIST_KEY_UISupportedInterfaceOrientations_iPhone = "UIInterfaceOrientationPortrait UIInterfaceOrientationLandscapeLeft UIInterfaceOrientationLandscapeRight";
				LD_RUNPATH_SEARCH_PATHS = (
					"$(inherited)",
					"@executable_path/Frameworks",
				);
				MARKETING_VERSION = 1.0;
				PRODUCT_BUNDLE_IDENTIFIER = "-1.game-card";
				PRODUCT_NAME = "$(TARGET_NAME)";
				SWIFT_EMIT_LOC_STRINGS = YES;
				SWIFT_VERSION = 5.0;
				TARGETED_DEVICE_FAMILY = "1,2";
			};
			name = Release;
		};
		333EEECE2CF0360D00947A4B /* Debug */ = {
			isa = XCBuildConfiguration;
			buildSettings = {
				ALWAYS_EMBED_SWIFT_STANDARD_LIBRARIES = YES;
				BUNDLE_LOADER = "$(TEST_HOST)";
				CODE_SIGN_STYLE = Automatic;
				CURRENT_PROJECT_VERSION = 1;
				DEVELOPMENT_TEAM = 3264YJV76M;
				GENERATE_INFOPLIST_FILE = YES;
				IPHONEOS_DEPLOYMENT_TARGET = 17.2;
				MARKETING_VERSION = 1.0;
				PRODUCT_BUNDLE_IDENTIFIER = "-1.game-cardTests";
				PRODUCT_NAME = "$(TARGET_NAME)";
				SWIFT_EMIT_LOC_STRINGS = NO;
				SWIFT_VERSION = 5.0;
				TARGETED_DEVICE_FAMILY = "1,2";
				TEST_HOST = "$(BUILT_PRODUCTS_DIR)/game card.app/$(BUNDLE_EXECUTABLE_FOLDER_PATH)/game card";
			};
			name = Debug;
		};
		333EEECF2CF0360D00947A4B /* Release */ = {
			isa = XCBuildConfiguration;
			buildSettings = {
				ALWAYS_EMBED_SWIFT_STANDARD_LIBRARIES = YES;
				BUNDLE_LOADER = "$(TEST_HOST)";
				CODE_SIGN_STYLE = Automatic;
				CURRENT_PROJECT_VERSION = 1;
				DEVELOPMENT_TEAM = 3264YJV76M;
				GENERATE_INFOPLIST_FILE = YES;
				IPHONEOS_DEPLOYMENT_TARGET = 17.2;
				MARKETING_VERSION = 1.0;
				PRODUCT_BUNDLE_IDENTIFIER = "-1.game-cardTests";
				PRODUCT_NAME = "$(TARGET_NAME)";
				SWIFT_EMIT_LOC_STRINGS = NO;
				SWIFT_VERSION = 5.0;
				TARGETED_DEVICE_FAMILY = "1,2";
				TEST_HOST = "$(BUILT_PRODUCTS_DIR)/game card.app/$(BUNDLE_EXECUTABLE_FOLDER_PATH)/game card";
			};
			name = Release;
		};
		333EEED12CF0360D00947A4B /* Debug */ = {
			isa = XCBuildConfiguration;
			buildSettings = {
				ALWAYS_EMBED_SWIFT_STANDARD_LIBRARIES = YES;
				CODE_SIGN_STYLE = Automatic;
				CURRENT_PROJECT_VERSION = 1;
				DEVELOPMENT_TEAM = 3264YJV76M;
				GENERATE_INFOPLIST_FILE = YES;
				MARKETING_VERSION = 1.0;
				PRODUCT_BUNDLE_IDENTIFIER = "-1.game-cardUITests";
				PRODUCT_NAME = "$(TARGET_NAME)";
				SWIFT_EMIT_LOC_STRINGS = NO;
				SWIFT_VERSION = 5.0;
				TARGETED_DEVICE_FAMILY = "1,2";
				TEST_TARGET_NAME = "game card";
			};
			name = Debug;
		};
		333EEED22CF0360D00947A4B /* Release */ = {
			isa = XCBuildConfiguration;
			buildSettings = {
				ALWAYS_EMBED_SWIFT_STANDARD_LIBRARIES = YES;
				CODE_SIGN_STYLE = Automatic;
				CURRENT_PROJECT_VERSION = 1;
				DEVELOPMENT_TEAM = 3264YJV76M;
				GENERATE_INFOPLIST_FILE = YES;
				MARKETING_VERSION = 1.0;
				PRODUCT_BUNDLE_IDENTIFIER = "-1.game-cardUITests";
				PRODUCT_NAME = "$(TARGET_NAME)";
				SWIFT_EMIT_LOC_STRINGS = NO;
				SWIFT_VERSION = 5.0;
				TARGETED_DEVICE_FAMILY = "1,2";
				TEST_TARGET_NAME = "game card";
			};
			name = Release;
		};
/* End XCBuildConfiguration section */

/* Begin XCConfigurationList section */
		333EEE9F2CF0360800947A4B /* Build configuration list for PBXProject "game card" */ = {
			isa = XCConfigurationList;
			buildConfigurations = (
				333EEEC82CF0360D00947A4B /* Debug */,
				333EEEC92CF0360D00947A4B /* Release */,
			);
			defaultConfigurationIsVisible = 0;
			defaultConfigurationName = Release;
		};
		333EEECA2CF0360D00947A4B /* Build configuration list for PBXNativeTarget "game card" */ = {
			isa = XCConfigurationList;
			buildConfigurations = (
				333EEECB2CF0360D00947A4B /* Debug */,
				333EEECC2CF0360D00947A4B /* Release */,
			);
			defaultConfigurationIsVisible = 0;
			defaultConfigurationName = Release;
		};
		333EEECD2CF0360D00947A4B /* Build configuration list for PBXNativeTarget "game cardTests" */ = {
			isa = XCConfigurationList;
			buildConfigurations = (
				333EEECE2CF0360D00947A4B /* Debug */,
				333EEECF2CF0360D00947A4B /* Release */,
			);
			defaultConfigurationIsVisible = 0;
			defaultConfigurationName = Release;
		};
		333EEED02CF0360D00947A4B /* Build configuration list for PBXNativeTarget "game cardUITests" */ = {
			isa = XCConfigurationList;
			buildConfigurations = (
				333EEED12CF0360D00947A4B /* Debug */,
				333EEED22CF0360D00947A4B /* Release */,
			);
			defaultConfigurationIsVisible = 0;
			defaultConfigurationName = Release;
		};
/* End XCConfigurationList section */
	};
	rootObject = 333EEE9C2CF0360800947A4B /* Project object */;
}
